
Microsoft Visual Studio Solution File, Format Version 12.00
# Visual Studio Version 16
VisualStudioVersion = 16.0.29926.136
MinimumVisualStudioVersion = 10.0.40219.1
Project("{FAE04EC0-301F-11D3-BF4B-00C04F79EFBC}") = "ArticleAssistant.Web", "ArticleAssistant.Web\ArticleAssistant.Web.csproj", "{48516AC5-338A-4744-841E-A6192B02D9B1}"
EndProject
Project("{FAE04EC0-301F-11D3-BF4B-00C04F79EFBC}") = "ArticleAssistant.API", "ArticleAssistant.API\ArticleAssistant.API.csproj", "{3513ECF3-FAC6-471E-89E6-3D302C5EFDE6}"
EndProject
Project("{FAE04EC0-301F-11D3-BF4B-00C04F79EFBC}") = "ArticleAssistant.Data", "ArticleAssistant.Data\ArticleAssistant.Data.csproj", "{986E0405-FFAA-48E3-8B27-2F5EAB169FFB}"
EndProject
Project("{FAE04EC0-301F-11D3-BF4B-00C04F79EFBC}") = "ArticleAssistant.Web.Tests", "ArticleAssistant.Web.Tests\ArticleAssistant.Web.Tests.csproj", "{B4890DAF-2D3A-4ADA-96C8-ACAFA75B126C}"
EndProject
Project("{FAE04EC0-301F-11D3-BF4B-00C04F79EFBC}") = "ArticleAssistant.Data.Tests", "ArticleAssistant.Data.Tests\ArticleAssistant.Data.Tests.csproj", "{975C77EF-301A-4AA5-B388-FE3E5C906642}"
EndProject
Project("{FAE04EC0-301F-11D3-BF4B-00C04F79EFBC}") = "ArticleAssistant.Api.Test", "ArticleAssistant.Api.Test\ArticleAssistant.Api.Test.csproj", "{962B597A-CF04-432E-AD41-C24F91A3285E}"
EndProject
Global
	GlobalSection(SolutionConfigurationPlatforms) = preSolution
		Debug|Any CPU = Debug|Any CPU
		Release|Any CPU = Release|Any CPU
	EndGlobalSection
	GlobalSection(ProjectConfigurationPlatforms) = postSolution
		{48516AC5-338A-4744-841E-A6192B02D9B1}.Debug|Any CPU.ActiveCfg = Debug|Any CPU
		{48516AC5-338A-4744-841E-A6192B02D9B1}.Debug|Any CPU.Build.0 = Debug|Any CPU
		{48516AC5-338A-4744-841E-A6192B02D9B1}.Release|Any CPU.ActiveCfg = Release|Any CPU
		{48516AC5-338A-4744-841E-A6192B02D9B1}.Release|Any CPU.Build.0 = Release|Any CPU
		{3513ECF3-FAC6-471E-89E6-3D302C5EFDE6}.Debug|Any CPU.ActiveCfg = Debug|Any CPU
		{3513ECF3-FAC6-471E-89E6-3D302C5EFDE6}.Debug|Any CPU.Build.0 = Debug|Any CPU
		{3513ECF3-FAC6-471E-89E6-3D302C5EFDE6}.Release|Any CPU.ActiveCfg = Release|Any CPU
		{3513ECF3-FAC6-471E-89E6-3D302C5EFDE6}.Release|Any CPU.Build.0 = Release|Any CPU
		{986E0405-FFAA-48E3-8B27-2F5EAB169FFB}.Debug|Any CPU.ActiveCfg = Debug|Any CPU
		{986E0405-FFAA-48E3-8B27-2F5EAB169FFB}.Debug|Any CPU.Build.0 = Debug|Any CPU
		{986E0405-FFAA-48E3-8B27-2F5EAB169FFB}.Release|Any CPU.ActiveCfg = Release|Any CPU
		{986E0405-FFAA-48E3-8B27-2F5EAB169FFB}.Release|Any CPU.Build.0 = Release|Any CPU
		{B4890DAF-2D3A-4ADA-96C8-ACAFA75B126C}.Debug|Any CPU.ActiveCfg = Debug|Any CPU
		{B4890DAF-2D3A-4ADA-96C8-ACAFA75B126C}.Debug|Any CPU.Build.0 = Debug|Any CPU
		{B4890DAF-2D3A-4ADA-96C8-ACAFA75B126C}.Release|Any CPU.ActiveCfg = Release|Any CPU
		{B4890DAF-2D3A-4ADA-96C8-ACAFA75B126C}.Release|Any CPU.Build.0 = Release|Any CPU
		{975C77EF-301A-4AA5-B388-FE3E5C906642}.Debug|Any CPU.ActiveCfg = Debug|Any CPU
		{975C77EF-301A-4AA5-B388-FE3E5C906642}.Debug|Any CPU.Build.0 = Debug|Any CPU
		{975C77EF-301A-4AA5-B388-FE3E5C906642}.Release|Any CPU.ActiveCfg = Release|Any CPU
		{975C77EF-301A-4AA5-B388-FE3E5C906642}.Release|Any CPU.Build.0 = Release|Any CPU
		{962B597A-CF04-432E-AD41-C24F91A3285E}.Debug|Any CPU.ActiveCfg = Debug|Any CPU
		{962B597A-CF04-432E-AD41-C24F91A3285E}.Debug|Any CPU.Build.0 = Debug|Any CPU
		{962B597A-CF04-432E-AD41-C24F91A3285E}.Release|Any CPU.ActiveCfg = Release|Any CPU
		{962B597A-CF04-432E-AD41-C24F91A3285E}.Release|Any CPU.Build.0 = Release|Any CPU
	EndGlobalSection
	GlobalSection(SolutionProperties) = preSolution
		HideSolutionNode = FALSE
	EndGlobalSection
	GlobalSection(ExtensibilityGlobals) = postSolution
		SolutionGuid = {C5E50005-6F58-48D7-9828-002EE4C4E809}
	EndGlobalSection
EndGlobal
